Microsoft Visual Studio Solution File, Format Version 11.00
# Visual Studio 2008

Project("{2667D65E-7F10-D411-48E4-BB2041296BB8}") = "2D Game", "Assembly-CSharp.csproj", "{3BD99DA7-BD93-6366-344B-4F2C33A41684}"
EndProject
Project("{2667D65E-7F10-D411-48E4-BB2041296BB8}") = "2D Game", "Assembly-CSharp-Editor.csproj", "{32E71E57-F73C-6951-C3BC-62F02239B3C8}"
EndProject
Global
	GlobalSection(SolutionConfigurationPlatforms) = preSolution
		Debug|Any CPU = Debug|Any CPU
		Release|Any CPU = Release|Any CPU
	EndGlobalSection
	GlobalSection(ProjectConfigurationPlatforms) = postSolution
		{3BD99DA7-BD93-6366-344B-4F2C33A41684}.Debug|Any CPU.ActiveCfg = Debug|Any CPU
		{3BD99DA7-BD93-6366-344B-4F2C33A41684}.Debug|Any CPU.Build.0 = Debug|Any CPU
		{3BD99DA7-BD93-6366-344B-4F2C33A41684}.Release|Any CPU.ActiveCfg = Release|Any CPU
		{3BD99DA7-BD93-6366-344B-4F2C33A41684}.Release|Any CPU.Build.0 = Release|Any CPU
		{32E71E57-F73C-6951-C3BC-62F02239B3C8}.Debug|Any CPU.ActiveCfg = Debug|Any CPU
		{32E71E57-F73C-6951-C3BC-62F02239B3C8}.Debug|Any CPU.Build.0 = Debug|Any CPU
		{32E71E57-F73C-6951-C3BC-62F02239B3C8}.Release|Any CPU.ActiveCfg = Release|Any CPU
		{32E71E57-F73C-6951-C3BC-62F02239B3C8}.Release|Any CPU.Build.0 = Release|Any CPU
	EndGlobalSection
	GlobalSection(SolutionProperties) = preSolution
		HideSolutionNode = FALSE
	EndGlobalSection
	GlobalSection(MonoDevelopProperties) = preSolution
		StartupItem = Assembly-CSharp.csproj
	EndGlobalSection
EndGlobal
